
Microsoft Visual Studio Solution File, Format Version 12.00
# Visual Studio Version 16
VisualStudioVersion = 16.0.28803.202
MinimumVisualStudioVersion = 10.0.40219.1
Project("{888888A0-9F3D-457C-B088-3A5042F75D52}") = "MinecraftPixelartGenerator", "MinecraftPixelartGenerator.pyproj", "{DD9C1035-2D35-4FF4-A62D-C9C157BDC988}"
EndProject
Global
	GlobalSection(SolutionConfigurationPlatforms) = preSolution
		Debug|Any CPU = Debug|Any CPU
		Release|Any CPU = Release|Any CPU
	EndGlobalSection
	GlobalSection(ProjectConfigurationPlatforms) = postSolution
		{DD9C1035-2D35-4FF4-A62D-C9C157BDC988}.Debug|Any CPU.ActiveCfg = Debug|Any CPU
		{DD9C1035-2D35-4FF4-A62D-C9C157BDC988}.Release|Any CPU.ActiveCfg = Release|Any CPU
	EndGlobalSection
	GlobalSection(SolutionProperties) = preSolution
		HideSolutionNode = FALSE
	EndGlobalSection
	GlobalSection(ExtensibilityGlobals) = postSolution
		SolutionGuid = {0685DE5A-DADC-4BD7-BB36-A8D11F531E1C}
	EndGlobalSection
EndGlobal
